// !$*UTF8*$!
{
	archiveVersion = 1;
	classes = {
	};
	objectVersion = 48;
	objects = {

/* Begin PBXBuildFile section */
		D4EE275A213F71FA009F6031 /* AppDelegate.swift in Sources */ = {isa = PBXBuildFile; fileRef = D4EE2759213F71FA009F6031 /* AppDelegate.swift */; };
		D4EE275C213F71FA009F6031 /* ViewController.swift in Sources */ = {isa = PBXBuildFile; fileRef = D4EE275B213F71FA009F6031 /* ViewController.swift */; };
		D4EE275F213F71FA009F6031 /* Main.storyboard in Resources */ = {isa = PBXBuildFile; fileRef = D4EE275D213F71FA009F6031 /* Main.storyboard */; };
		D4EE2761213F71FA009F6031 /* Assets.xcassets in Resources */ = {isa = PBXBuildFile; fileRef = D4EE2760213F71FA009F6031 /* Assets.xcassets */; };
		D4EE2764213F71FA009F6031 /* LaunchScreen.storyboard in Resources */ = {isa = PBXBuildFile; fileRef = D4EE2762213F71FA009F6031 /* LaunchScreen.storyboard */; };
		D4EE276F213F71FA009F6031 /* LockViewTests.swift in Sources */ = {isa = PBXBuildFile; fileRef = D4EE276E213F71FA009F6031 /* LockViewTests.swift */; };
		D4EE277A213F71FA009F6031 /* LockViewUITests.swift in Sources */ = {isa = PBXBuildFile; fileRef = D4EE2779213F71FA009F6031 /* LockViewUITests.swift */; };
		D4EE2788213F72A9009F6031 /* LockView.swift in Sources */ = {isa = PBXBuildFile; fileRef = D4EE2787213F72A9009F6031 /* LockView.swift */; };
		D4EE278A213F7B5C009F6031 /* BackgroundView.swift in Sources */ = {isa = PBXBuildFile; fileRef = D4EE2789213F7B5C009F6031 /* BackgroundView.swift */; };
		D4EE278C213FBAB6009F6031 /* ContentViewController.swift in Sources */ = {isa = PBXBuildFile; fileRef = D4EE278B213FBAB6009F6031 /* ContentViewController.swift */; };
/* End PBXBuildFile section */

/* Begin PBXContainerItemProxy section */
		D4EE276B213F71FA009F6031 /* PBXContainerItemProxy */ = {
			isa = PBXContainerItemProxy;
			containerPortal = D4EE274E213F71FA009F6031 /* Project object */;
			proxyType = 1;
			remoteGlobalIDString = D4EE2755213F71FA009F6031;
			remoteInfo = LockView;
		};
		D4EE2776213F71FA009F6031 /* PBXContainerItemProxy */ = {
			isa = PBXContainerItemProxy;
			containerPortal = D4EE274E213F71FA009F6031 /* Project object */;
			proxyType = 1;
			remoteGlobalIDString = D4EE2755213F71FA009F6031;
			remoteInfo = LockView;
		};
/* End PBXContainerItemProxy section */

/* Begin PBXFileReference section */
		D4EE2756213F71FA009F6031 /* LockView.app */ = {isa = PBXFileReference; explicitFileType = wrapper.application; includeInIndex = 0; path = LockView.app; sourceTree = BUILT_PRODUCTS_DIR; };
		D4EE2759213F71FA009F6031 /* AppDelegate.swift */ = {isa = PBXFileReference; lastKnownFileType = sourcecode.swift; path = AppDelegate.swift; sourceTree = "<group>"; };
		D4EE275B213F71FA009F6031 /* ViewController.swift */ = {isa = PBXFileReference; lastKnownFileType = sourcecode.swift; path = ViewController.swift; sourceTree = "<group>"; };
		D4EE275E213F71FA009F6031 /* Base */ = {isa = PBXFileReference; lastKnownFileType = file.storyboard; name = Base; path = Base.lproj/Main.storyboard; sourceTree = "<group>"; };
		D4EE2760213F71FA009F6031 /* Assets.xcassets */ = {isa = PBXFileReference; lastKnownFileType = folder.assetcatalog; path = Assets.xcassets; sourceTree = "<group>"; };
		D4EE2763213F71FA009F6031 /* Base */ = {isa = PBXFileReference; lastKnownFileType = file.storyboard; name = Base; path = Base.lproj/LaunchScreen.storyboard; sourceTree = "<group>"; };
		D4EE2765213F71FA009F6031 /* Info.plist */ = {isa = PBXFileReference; lastKnownFileType = text.plist.xml; path = Info.plist; sourceTree = "<group>"; };
		D4EE276A213F71FA009F6031 /* LockViewTests.xctest */ = {isa = PBXFileReference; explicitFileType = wrapper.cfbundle; includeInIndex = 0; path = LockViewTests.xctest; sourceTree = BUILT_PRODUCTS_DIR; };
		D4EE276E213F71FA009F6031 /* LockViewTests.swift */ = {isa = PBXFileReference; lastKnownFileType = sourcecode.swift; path = LockViewTests.swift; sourceTree = "<group>"; };
		D4EE2770213F71FA009F6031 /* Info.plist */ = {isa = PBXFileReference; lastKnownFileType = text.plist.xml; path = Info.plist; sourceTree = "<group>"; };
		D4EE2775213F71FA009F6031 /* LockViewUITests.xctest */ = {isa = PBXFileReference; explicitFileType = wrapper.cfbundle; includeInIndex = 0; path = LockViewUITests.xctest; sourceTree = BUILT_PRODUCTS_DIR; };
		D4EE2779213F71FA009F6031 /* LockViewUITests.swift */ = {isa = PBXFileReference; lastKnownFileType = sourcecode.swift; path = LockViewUITests.swift; sourceTree = "<group>"; };
		D4EE277B213F71FA009F6031 /* Info.plist */ = {isa = PBXFileReference; lastKnownFileType = text.plist.xml; path = Info.plist; sourceTree = "<group>"; };
		D4EE2787213F72A9009F6031 /* LockView.swift */ = {isa = PBXFileReference; lastKnownFileType = sourcecode.swift; path = LockView.swift; sourceTree = "<group>"; };
		D4EE2789213F7B5C009F6031 /* BackgroundView.swift */ = {isa = PBXFileReference; lastKnownFileType = sourcecode.swift; path = BackgroundView.swift; sourceTree = "<group>"; };
		D4EE278B213FBAB6009F6031 /* ContentViewController.swift */ = {isa = PBXFileReference; lastKnownFileType = sourcecode.swift; path = ContentViewController.swift; sourceTree = "<group>"; };
/* End PBXFileReference section */

/* Begin PBXFrameworksBuildPhase section */
		D4EE2753213F71FA009F6031 /* Frameworks */ = {
			isa = PBXFrameworksBuildPhase;
			buildActionMask = 2147483647;
			files = (
			);
			runOnlyForDeploymentPostprocessing = 0;
		};
		D4EE2767213F71FA009F6031 /* Frameworks */ = {
			isa = PBXFrameworksBuildPhase;
			buildActionMask = 2147483647;
			files = (
			);
			runOnlyForDeploymentPostprocessing = 0;
		};
		D4EE2772213F71FA009F6031 /* Frameworks */ = {
			isa = PBXFrameworksBuildPhase;
			buildActionMask = 2147483647;
			files = (
			);
			runOnlyForDeploymentPostprocessing = 0;
		};
/* End PBXFrameworksBuildPhase section */

/* Begin PBXGroup section */
		D4EE274D213F71FA009F6031 = {
			isa = PBXGroup;
			children = (
				D4EE2758213F71FA009F6031 /* LockView */,
				D4EE276D213F71FA009F6031 /* LockViewTests */,
				D4EE2778213F71FA009F6031 /* LockViewUITests */,
				D4EE2757213F71FA009F6031 /* Products */,
			);
			sourceTree = "<group>";
		};
		D4EE2757213F71FA009F6031 /* Products */ = {
			isa = PBXGroup;
			children = (
				D4EE2756213F71FA009F6031 /* LockView.app */,
				D4EE276A213F71FA009F6031 /* LockViewTests.xctest */,
				D4EE2775213F71FA009F6031 /* LockViewUITests.xctest */,
			);
			name = Products;
			sourceTree = "<group>";
		};
		D4EE2758213F71FA009F6031 /* LockView */ = {
			isa = PBXGroup;
			children = (
				D4EE2759213F71FA009F6031 /* AppDelegate.swift */,
				D4EE275B213F71FA009F6031 /* ViewController.swift */,
				D4EE278B213FBAB6009F6031 /* ContentViewController.swift */,
				D4EE2789213F7B5C009F6031 /* BackgroundView.swift */,
				D4EE2787213F72A9009F6031 /* LockView.swift */,
				D4EE275D213F71FA009F6031 /* Main.storyboard */,
				D4EE2760213F71FA009F6031 /* Assets.xcassets */,
				D4EE2762213F71FA009F6031 /* LaunchScreen.storyboard */,
				D4EE2765213F71FA009F6031 /* Info.plist */,
			);
			path = LockView;
			sourceTree = "<group>";
		};
		D4EE276D213F71FA009F6031 /* LockViewTests */ = {
			isa = PBXGroup;
			children = (
				D4EE276E213F71FA009F6031 /* LockViewTests.swift */,
				D4EE2770213F71FA009F6031 /* Info.plist */,
			);
			path = LockViewTests;
			sourceTree = "<group>";
		};
		D4EE2778213F71FA009F6031 /* LockViewUITests */ = {
			isa = PBXGroup;
			children = (
				D4EE2779213F71FA009F6031 /* LockViewUITests.swift */,
				D4EE277B213F71FA009F6031 /* Info.plist */,
			);
			path = LockViewUITests;
			sourceTree = "<group>";
		};
/* End PBXGroup section */

/* Begin PBXNativeTarget section */
		D4EE2755213F71FA009F6031 /* LockView */ = {
			isa = PBXNativeTarget;
			buildConfigurationList = D4EE277E213F71FA009F6031 /* Build configuration list for PBXNativeTarget "LockView" */;
			buildPhases = (
				D4EE2752213F71FA009F6031 /* Sources */,
				D4EE2753213F71FA009F6031 /* Frameworks */,
				D4EE2754213F71FA009F6031 /* Resources */,
			);
			buildRules = (
			);
			dependencies = (
			);
			name = LockView;
			productName = LockView;
			productReference = D4EE2756213F71FA009F6031 /* LockView.app */;
			productType = "com.apple.product-type.application";
		};
		D4EE2769213F71FA009F6031 /* LockViewTests */ = {
			isa = PBXNativeTarget;
			buildConfigurationList = D4EE2781213F71FA009F6031 /* Build configuration list for PBXNativeTarget "LockViewTests" */;
			buildPhases = (
				D4EE2766213F71FA009F6031 /* Sources */,
				D4EE2767213F71FA009F6031 /* Frameworks */,
				D4EE2768213F71FA009F6031 /* Resources */,
			);
			buildRules = (
			);
			dependencies = (
				D4EE276C213F71FA009F6031 /* PBXTargetDependency */,
			);
			name = LockViewTests;
			productName = LockViewTests;
			productReference = D4EE276A213F71FA009F6031 /* LockViewTests.xctest */;
			productType = "com.apple.product-type.bundle.unit-test";
		};
		D4EE2774213F71FA009F6031 /* LockViewUITests */ = {
			isa = PBXNativeTarget;
			buildConfigurationList = D4EE2784213F71FA009F6031 /* Build configuration list for PBXNativeTarget "LockViewUITests" */;
			buildPhases = (
				D4EE2771213F71FA009F6031 /* Sources */,
				D4EE2772213F71FA009F6031 /* Frameworks */,
				D4EE2773213F71FA009F6031 /* Resources */,
			);
			buildRules = (
			);
			dependencies = (
				D4EE2777213F71FA009F6031 /* PBXTargetDependency */,
			);
			name = LockViewUITests;
			productName = LockViewUITests;
			productReference = D4EE2775213F71FA009F6031 /* LockViewUITests.xctest */;
			productType = "com.apple.product-type.bundle.ui-testing";
		};
/* End PBXNativeTarget section */

/* Begin PBXProject section */
		D4EE274E213F71FA009F6031 /* Project object */ = {
			isa = PBXProject;
			attributes = {
				LastSwiftUpdateCheck = 0920;
				LastUpgradeCheck = 0920;
				ORGANIZATIONNAME = corepress;
				TargetAttributes = {
					D4EE2755213F71FA009F6031 = {
						CreatedOnToolsVersion = 9.2;
						ProvisioningStyle = Automatic;
					};
					D4EE2769213F71FA009F6031 = {
						CreatedOnToolsVersion = 9.2;
						ProvisioningStyle = Automatic;
						TestTargetID = D4EE2755213F71FA009F6031;
					};
					D4EE2774213F71FA009F6031 = {
						CreatedOnToolsVersion = 9.2;
						ProvisioningStyle = Automatic;
						TestTargetID = D4EE2755213F71FA009F6031;
					};
				};
			};
			buildConfigurationList = D4EE2751213F71FA009F6031 /* Build configuration list for PBXProject "LockView" */;
			compatibilityVersion = "Xcode 8.0";
			developmentRegion = en;
			hasScannedForEncodings = 0;
			knownRegions = (
				en,
				Base,
			);
			mainGroup = D4EE274D213F71FA009F6031;
			productRefGroup = D4EE2757213F71FA009F6031 /* Products */;
			projectDirPath = "";
			projectRoot = "";
			targets = (
				D4EE2755213F71FA009F6031 /* LockView */,
				D4EE2769213F71FA009F6031 /* LockViewTests */,
				D4EE2774213F71FA009F6031 /* LockViewUITests */,
			);
		};
/* End PBXProject section */

/* Begin PBXResourcesBuildPhase section */
		D4EE2754213F71FA009F6031 /* Resources */ = {
			isa = PBXResourcesBuildPhase;
			buildActionMask = 2147483647;
			files = (
				D4EE2764213F71FA009F6031 /* LaunchScreen.storyboard in Resources */,
				D4EE2761213F71FA009F6031 /* Assets.xcassets in Resources */,
				D4EE275F213F71FA009F6031 /* Main.storyboard in Resources */,
			);
			runOnlyForDeploymentPostprocessing = 0;
		};
		D4EE2768213F71FA009F6031 /* Resources */ = {
			isa = PBXResourcesBuildPhase;
			buildActionMask = 2147483647;
			files = (
			);
			runOnlyForDeploymentPostprocessing = 0;
		};
		D4EE2773213F71FA009F6031 /* Resources */ = {
			isa = PBXResourcesBuildPhase;
			buildActionMask = 2147483647;
			files = (
			);
			runOnlyForDeploymentPostprocessing = 0;
		};
/* End PBXResourcesBuildPhase section */

/* Begin PBXSourcesBuildPhase section */
		D4EE2752213F71FA009F6031 /* Sources */ = {
			isa = PBXSourcesBuildPhase;
			buildActionMask = 2147483647;
			files = (
				D4EE278C213FBAB6009F6031 /* ContentViewController.swift in Sources */,
				D4EE275C213F71FA009F6031 /* ViewController.swift in Sources */,
				D4EE275A213F71FA009F6031 /* AppDelegate.swift in Sources */,
				D4EE278A213F7B5C009F6031 /* BackgroundView.swift in Sources */,
				D4EE2788213F72A9009F6031 /* LockView.swift in Sources */,
			);
			runOnlyForDeploymentPostprocessing = 0;
		};
		D4EE2766213F71FA009F6031 /* Sources */ = {
			isa = PBXSourcesBuildPhase;
			buildActionMask = 2147483647;
			files = (
				D4EE276F213F71FA009F6031 /* LockViewTests.swift in Sources */,
			);
			runOnlyForDeploymentPostprocessing = 0;
		};
		D4EE2771213F71FA009F6031 /* Sources */ = {
			isa = PBXSourcesBuildPhase;
			buildActionMask = 2147483647;
			files = (
				D4EE277A213F71FA009F6031 /* LockViewUITests.swift in Sources */,
			);
			runOnlyForDeploymentPostprocessing = 0;
		};
/* End PBXSourcesBuildPhase section */

/* Begin PBXTargetDependency section */
		D4EE276C213F71FA009F6031 /* PBXTargetDependency */ = {
			isa = PBXTargetDependency;
			target = D4EE2755213F71FA009F6031 /* LockView */;
			targetProxy = D4EE276B213F71FA009F6031 /* PBXContainerItemProxy */;
		};
		D4EE2777213F71FA009F6031 /* PBXTargetDependency */ = {
			isa = PBXTargetDependency;
			target = D4EE2755213F71FA009F6031 /* LockView */;
			targetProxy = D4EE2776213F71FA009F6031 /* PBXContainerItemProxy */;
		};
/* End PBXTargetDependency section */

/* Begin PBXVariantGroup section */
		D4EE275D213F71FA009F6031 /* Main.storyboard */ = {
			isa = PBXVariantGroup;
			children = (
				D4EE275E213F71FA009F6031 /* Base */,
			);
			name = Main.storyboard;
			sourceTree = "<group>";
		};
		D4EE2762213F71FA009F6031 /* LaunchScreen.storyboard */ = {
			isa = PBXVariantGroup;
			children = (
				D4EE2763213F71FA009F6031 /* Base */,
			);
			name = LaunchScreen.storyboard;
			sourceTree = "<group>";
		};
/* End PBXVariantGroup section */

/* Begin XCBuildConfiguration section */
		D4EE277C213F71FA009F6031 /* Debug */ = {
			isa = XCBuildConfiguration;
			buildSettings = {
				ALWAYS_SEARCH_USER_PATHS = NO;
				CLANG_ANALYZER_NONNULL = YES;
				CLANG_ANALYZER_NUMBER_OBJECT_CONVERSION = YES_AGGRESSIVE;
				CLANG_CXX_LANGUAGE_STANDARD = "gnu++14";
				CLANG_CXX_LIBRARY = "libc++";
				CLANG_ENABLE_MODULES = YES;
				CLANG_ENABLE_OBJC_ARC = YES;
				CLANG_WARN_BLOCK_CAPTURE_AUTORELEASING = YES;
				CLANG_WARN_BOOL_CONVERSION = YES;
				CLANG_WARN_COMMA = YES;
				CLANG_WARN_CONSTANT_CONVERSION = YES;
				CLANG_WARN_DIRECT_OBJC_ISA_USAGE = YES_ERROR;
				CLANG_WARN_DOCUMENTATION_COMMENTS = YES;
				CLANG_WARN_EMPTY_BODY = YES;
				CLANG_WARN_ENUM_CONVERSION = YES;
				CLANG_WARN_INFINITE_RECURSION = YES;
				CLANG_WARN_INT_CONVERSION = YES;
				CLANG_WARN_NON_LITERAL_NULL_CONVERSION = YES;
				CLANG_WARN_OBJC_LITERAL_CONVERSION = YES;
				CLANG_WARN_OBJC_ROOT_CLASS = YES_ERROR;
				CLANG_WARN_RANGE_LOOP_ANALYSIS = YES;
				CLANG_WARN_STRICT_PROTOTYPES = YES;
				CLANG_WARN_SUSPICIOUS_MOVE = YES;
				CLANG_WARN_UNGUARDED_AVAILABILITY = YES_AGGRESSIVE;
				CLANG_WARN_UNREACHABLE_CODE = YES;
				CLANG_WARN__DUPLICATE_METHOD_MATCH = YES;
				CODE_SIGN_IDENTITY = "iPhone Developer";
				COPY_PHASE_STRIP = NO;
				DEBUG_INFORMATION_FORMAT = dwarf;
				ENABLE_STRICT_OBJC_MSGSEND = YES;
				ENABLE_TESTABILITY = YES;
				GCC_C_LANGUAGE_STANDARD = gnu11;
				GCC_DYNAMIC_NO_PIC = NO;
				GCC_NO_COMMON_BLOCKS = YES;
				GCC_OPTIMIZATION_LEVEL = 0;
				GCC_PREPROCESSOR_DEFINITIONS = (
					"DEBUG=1",
					"$(inherited)",
				);
				GCC_WARN_64_TO_32_BIT_CONVERSION = YES;
				GCC_WARN_ABOUT_RETURN_TYPE = YES_ERROR;
				GCC_WARN_UNDECLARED_SELECTOR = YES;
				GCC_WARN_UNINITIALIZED_AUTOS = YES_AGGRESSIVE;
				GCC_WARN_UNUSED_FUNCTION = YES;
				GCC_WARN_UNUSED_VARIABLE = YES;
				IPHONEOS_DEPLOYMENT_TARGET = 11.2;
				MTL_ENABLE_DEBUG_INFO = YES;
				ONLY_ACTIVE_ARCH = YES;
				SDKROOT = iphoneos;
				SWIFT_ACTIVE_COMPILATION_CONDITIONS = DEBUG;
				SWIFT_OPTIMIZATION_LEVEL = "-Onone";
			};
			name = Debug;
		};
		D4EE277D213F71FA009F6031 /* Release */ = {
			isa = XCBuildConfiguration;
			buildSettings = {
				ALWAYS_SEARCH_USER_PATHS = NO;
				CLANG_ANALYZER_NONNULL = YES;
				CLANG_ANALYZER_NUMBER_OBJECT_CONVERSION = YES_AGGRESSIVE;
				CLANG_CXX_LANGUAGE_STANDARD = "gnu++14";
				CLANG_CXX_LIBRARY = "libc++";
				CLANG_ENABLE_MODULES = YES;
				CLANG_ENABLE_OBJC_ARC = YES;
				CLANG_WARN_BLOCK_CAPTURE_AUTORELEASING = YES;
				CLANG_WARN_BOOL_CONVERSION = YES;
				CLANG_WARN_COMMA = YES;
				CLANG_WARN_CONSTANT_CONVERSION = YES;
				CLANG_WARN_DIRECT_OBJC_ISA_USAGE = YES_ERROR;
				CLANG_WARN_DOCUMENTATION_COMMENTS = YES;
				CLANG_WARN_EMPTY_BODY = YES;
				CLANG_WARN_ENUM_CONVERSION = YES;
				CLANG_WARN_INFINITE_RECURSION = YES;
				CLANG_WARN_INT_CONVERSION = YES;
				CLANG_WARN_NON_LITERAL_NULL_CONVERSION = YES;
				CLANG_WARN_OBJC_LITERAL_CONVERSION = YES;
				CLANG_WARN_OBJC_ROOT_CLASS = YES_ERROR;
				CLANG_WARN_RANGE_LOOP_ANALYSIS = YES;
				CLANG_WARN_STRICT_PROTOTYPES = YES;
				CLANG_WARN_SUSPICIOUS_MOVE = YES;
				CLANG_WARN_UNGUARDED_AVAILABILITY = YES_AGGRESSIVE;
				CLANG_WARN_UNREACHABLE_CODE = YES;
				CLANG_WARN__DUPLICATE_METHOD_MATCH = YES;
				CODE_SIGN_IDENTITY = "iPhone Developer";
				COPY_PHASE_STRIP = NO;
				DEBUG_INFORMATION_FORMAT = "dwarf-with-dsym";
				ENABLE_NS_ASSERTIONS = NO;
				ENABLE_STRICT_OBJC_MSGSEND = YES;
				GCC_C_LANGUAGE_STANDARD = gnu11;
				GCC_NO_COMMON_BLOCKS = YES;
				GCC_WARN_64_TO_32_BIT_CONVERSION = YES;
				GCC_WARN_ABOUT_RETURN_TYPE = YES_ERROR;
				GCC_WARN_UNDECLARED_SELECTOR = YES;
				GCC_WARN_UNINITIALIZED_AUTOS = YES_AGGRESSIVE;
				GCC_WARN_UNUSED_FUNCTION = YES;
				GCC_WARN_UNUSED_VARIABLE = YES;
				IPHONEOS_DEPLOYMENT_TARGET = 11.2;
				MTL_ENABLE_DEBUG_INFO = NO;
				SDKROOT = iphoneos;
				SWIFT_OPTIMIZATION_LEVEL = "-Owholemodule";
				VALIDATE_PRODUCT = YES;
			};
			name = Release;
		};
		D4EE277F213F71FA009F6031 /* Debug */ = {
			isa = XCBuildConfiguration;
			buildSettings = {
				ASSETCATALOG_COMPILER_APPICON_NAME = AppIcon;
				CODE_SIGN_STYLE = Automatic;
				DEVELOPMENT_TEAM = 4ZCWHEW4VK;
				INFOPLIST_FILE = LockView/Info.plist;
				LD_RUNPATH_SEARCH_PATHS = "$(inherited) @executable_path/Frameworks";
				PRODUCT_BUNDLE_IDENTIFIER = "com.CorePress.-LTD.LockView";
				PRODUCT_NAME = "$(TARGET_NAME)";
				SWIFT_VERSION = 4.0;
				TARGETED_DEVICE_FAMILY = "1,2";
			};
			name = Debug;
		};
		D4EE2780213F71FA009F6031 /* Release */ = {
			isa = XCBuildConfiguration;
			buildSettings = {
				ASSETCATALOG_COMPILER_APPICON_NAME = AppIcon;
				CODE_SIGN_STYLE = Automatic;
				DEVELOPMENT_TEAM = 4ZCWHEW4VK;
				INFOPLIST_FILE = LockView/Info.plist;
				LD_RUNPATH_SEARCH_PATHS = "$(inherited) @executable_path/Frameworks";
				PRODUCT_BUNDLE_IDENTIFIER = "com.CorePress.-LTD.LockView";
				PRODUCT_NAME = "$(TARGET_NAME)";
				SWIFT_VERSION = 4.0;
				TARGETED_DEVICE_FAMILY = "1,2";
			};
			name = Release;
		};
		D4EE2782213F71FA009F6031 /* Debug */ = {
			isa = XCBuildConfiguration;
			buildSettings = {
				ALWAYS_EMBED_SWIFT_STANDARD_LIBRARIES = YES;
				BUNDLE_LOADER = "$(TEST_HOST)";
				CODE_SIGN_STYLE = Automatic;
				DEVELOPMENT_TEAM = 4ZCWHEW4VK;
				INFOPLIST_FILE = LockViewTests/Info.plist;
				LD_RUNPATH_SEARCH_PATHS = "$(inherited) @executable_path/Frameworks @loader_path/Frameworks";
				PRODUCT_BUNDLE_IDENTIFIER = "com.CorePress.-LTD.LockViewTests";
				PRODUCT_NAME = "$(TARGET_NAME)";
				SWIFT_VERSION = 4.0;
				TARGETED_DEVICE_FAMILY = "1,2";
				TEST_HOST = "$(BUILT_PRODUCTS_DIR)/LockView.app/LockView";
			};
			name = Debug;
		};
		D4EE2783213F71FA009F6031 /* Release */ = {
			isa = XCBuildConfiguration;
			buildSettings = {
				ALWAYS_EMBED_SWIFT_STANDARD_LIBRARIES = YES;
				BUNDLE_LOADER = "$(TEST_HOST)";
				CODE_SIGN_STYLE = Automatic;
				DEVELOPMENT_TEAM = 4ZCWHEW4VK;
				INFOPLIST_FILE = LockViewTests/Info.plist;
				LD_RUNPATH_SEARCH_PATHS = "$(inherited) @executable_path/Frameworks @loader_path/Frameworks";
				PRODUCT_BUNDLE_IDENTIFIER = "com.CorePress.-LTD.LockViewTests";
				PRODUCT_NAME = "$(TARGET_NAME)";
				SWIFT_VERSION = 4.0;
				TARGETED_DEVICE_FAMILY = "1,2";
				TEST_HOST = "$(BUILT_PRODUCTS_DIR)/LockView.app/LockView";
			};
			name = Release;
		};
		D4EE2785213F71FA009F6031 /* Debug */ = {
			isa = XCBuildConfiguration;
			buildSettings = {
				ALWAYS_EMBED_SWIFT_STANDARD_LIBRARIES = YES;
				CODE_SIGN_STYLE = Automatic;
				DEVELOPMENT_TEAM = 4ZCWHEW4VK;
				INFOPLIST_FILE = LockViewUITests/Info.plist;
				LD_RUNPATH_SEARCH_PATHS = "$(inherited) @executable_path/Frameworks @loader_path/Frameworks";
				PRODUCT_BUNDLE_IDENTIFIER = "com.CorePress.-LTD.LockViewUITests";
				PRODUCT_NAME = "$(TARGET_NAME)";
				SWIFT_VERSION = 4.0;
				TARGETED_DEVICE_FAMILY = "1,2";
				TEST_TARGET_NAME = LockView;
			};
			name = Debug;
		};
		D4EE2786213F71FA009F6031 /* Release */ = {
			isa = XCBuildConfiguration;
			buildSettings = {
				ALWAYS_EMBED_SWIFT_STANDARD_LIBRARIES = YES;
				CODE_SIGN_STYLE = Automatic;
				DEVELOPMENT_TEAM = 4ZCWHEW4VK;
				INFOPLIST_FILE = LockViewUITests/Info.plist;
				LD_RUNPATH_SEARCH_PATHS = "$(inherited) @executable_path/Frameworks @loader_path/Frameworks";
				PRODUCT_BUNDLE_IDENTIFIER = "com.CorePress.-LTD.LockViewUITests";
				PRODUCT_NAME = "$(TARGET_NAME)";
				SWIFT_VERSION = 4.0;
				TARGETED_DEVICE_FAMILY = "1,2";
				TEST_TARGET_NAME = LockView;
			};
			name = Release;
		};
/* End XCBuildConfiguration section */

/* Begin XCConfigurationList section */
		D4EE2751213F71FA009F6031 /* Build configuration list for PBXProject "LockView" */ = {
			isa = XCConfigurationList;
			buildConfigurations = (
				D4EE277C213F71FA009F6031 /* Debug */,
				D4EE277D213F71FA009F6031 /* Release */,
			);
			defaultConfigurationIsVisible = 0;
			defaultConfigurationName = Release;
		};
		D4EE277E213F71FA009F6031 /* Build configuration list for PBXNativeTarget "LockView" */ = {
			isa = XCConfigurationList;
			buildConfigurations = (
				D4EE277F213F71FA009F6031 /* Debug */,
				D4EE2780213F71FA009F6031 /* Release */,
			);
			defaultConfigurationIsVisible = 0;
			defaultConfigurationName = Release;
		};
		D4EE2781213F71FA009F6031 /* Build configuration list for PBXNativeTarget "LockViewTests" */ = {
			isa = XCConfigurationList;
			buildConfigurations = (
				D4EE2782213F71FA009F6031 /* Debug */,
				D4EE2783213F71FA009F6031 /* Release */,
			);
			defaultConfigurationIsVisible = 0;
			defaultConfigurationName = Release;
		};
		D4EE2784213F71FA009F6031 /* Build configuration list for PBXNativeTarget "LockViewUITests" */ = {
			isa = XCConfigurationList;
			buildConfigurations = (
				D4EE2785213F71FA009F6031 /* Debug */,
				D4EE2786213F71FA009F6031 /* Release */,
			);
			defaultConfigurationIsVisible = 0;
			defaultConfigurationName = Release;
		};
/* End XCConfigurationList section */
	};
	rootObject = D4EE274E213F71FA009F6031 /* Project object */;
}
